
Microsoft Visual Studio Solution File, Format Version 12.00
# Visual Studio 2015
Project("{FAE04EC0-301F-11D3-BF4B-00C04F79EFBC}") = "ecsrx.space.CSharp.Plugins", "ecsrx.space.CSharp.Plugins.csproj", "{C2141AF7-F4B6-C963-7FF0-8C07A53A28FA}"
EndProject
Project("{FAE04EC0-301F-11D3-BF4B-00C04F79EFBC}") = "ecsrx.space.CSharp", "ecsrx.space.CSharp.csproj", "{FD60316E-6140-FC38-E43B-F4A9258D84E2}"
EndProject
Project("{FAE04EC0-301F-11D3-BF4B-00C04F79EFBC}") = "ecsrx.space.CSharp.Editor", "ecsrx.space.CSharp.Editor.csproj", "{14DEBAFA-0FD8-CFD9-CF63-3E967BF8D68D}"
EndProject
Global
	GlobalSection(SolutionConfigurationPlatforms) = preSolution
		Debug|Any CPU = Debug|Any CPU
		Release|Any CPU = Release|Any CPU
	EndGlobalSection
	GlobalSection(ProjectConfigurationPlatforms) = postSolution
		{C2141AF7-F4B6-C963-7FF0-8C07A53A28FA}.Debug|Any CPU.ActiveCfg = Debug|Any CPU
		{C2141AF7-F4B6-C963-7FF0-8C07A53A28FA}.Debug|Any CPU.Build.0 = Debug|Any CPU
		{C2141AF7-F4B6-C963-7FF0-8C07A53A28FA}.Release|Any CPU.ActiveCfg = Release|Any CPU
		{C2141AF7-F4B6-C963-7FF0-8C07A53A28FA}.Release|Any CPU.Build.0 = Release|Any CPU
		{FD60316E-6140-FC38-E43B-F4A9258D84E2}.Debug|Any CPU.ActiveCfg = Debug|Any CPU
		{FD60316E-6140-FC38-E43B-F4A9258D84E2}.Debug|Any CPU.Build.0 = Debug|Any CPU
		{FD60316E-6140-FC38-E43B-F4A9258D84E2}.Release|Any CPU.ActiveCfg = Release|Any CPU
		{FD60316E-6140-FC38-E43B-F4A9258D84E2}.Release|Any CPU.Build.0 = Release|Any CPU
		{14DEBAFA-0FD8-CFD9-CF63-3E967BF8D68D}.Debug|Any CPU.ActiveCfg = Debug|Any CPU
		{14DEBAFA-0FD8-CFD9-CF63-3E967BF8D68D}.Debug|Any CPU.Build.0 = Debug|Any CPU
		{14DEBAFA-0FD8-CFD9-CF63-3E967BF8D68D}.Release|Any CPU.ActiveCfg = Release|Any CPU
		{14DEBAFA-0FD8-CFD9-CF63-3E967BF8D68D}.Release|Any CPU.Build.0 = Release|Any CPU
	EndGlobalSection
	GlobalSection(SolutionProperties) = preSolution
		HideSolutionNode = FALSE
	EndGlobalSection
EndGlobal
